
Microsoft Visual Studio Solution File, Format Version 12.00
# Visual Studio Version 16
VisualStudioVersion = 16.0.30104.148
MinimumVisualStudioVersion = 10.0.40219.1
Project("{9A19103F-16F7-4668-BE54-9A1E7A4F7556}") = "News_Table", "News_Table\News_Table.csproj", "{8FF51032-89E9-4486-8CA9-180935E84AE0}"
EndProject
Global
	GlobalSection(SolutionConfigurationPlatforms) = preSolution
		Debug|Any CPU = Debug|Any CPU
		Release|Any CPU = Release|Any CPU
	EndGlobalSection
	GlobalSection(ProjectConfigurationPlatforms) = postSolution
		{8FF51032-89E9-4486-8CA9-180935E84AE0}.Debug|Any CPU.ActiveCfg = Debug|Any CPU
		{8FF51032-89E9-4486-8CA9-180935E84AE0}.Debug|Any CPU.Build.0 = Debug|Any CPU
		{8FF51032-89E9-4486-8CA9-180935E84AE0}.Release|Any CPU.ActiveCfg = Release|Any CPU
		{8FF51032-89E9-4486-8CA9-180935E84AE0}.Release|Any CPU.Build.0 = Release|Any CPU
	EndGlobalSection
	GlobalSection(SolutionProperties) = preSolution
		HideSolutionNode = FALSE
	EndGlobalSection
	GlobalSection(ExtensibilityGlobals) = postSolution
		SolutionGuid = {55393865-7497-4371-9196-AAA69C18F6AC}
	EndGlobalSection
EndGlobal
